
Microsoft Visual Studio Solution File, Format Version 12.00
# Visual Studio Version 17
VisualStudioVersion = 17.7.34221.43
MinimumVisualStudioVersion = 10.0.40219.1
Project("{FAE04EC0-301F-11D3-BF4B-00C04F79EFBC}") = "arraymethods", "arraymethods.csproj", "{D1EEAC77-A613-4EF1-9594-CA583EC9BB20}"
EndProject
Global
	GlobalSection(SolutionConfigurationPlatforms) = preSolution
		Debug|Any CPU = Debug|Any CPU
		Release|Any CPU = Release|Any CPU
	EndGlobalSection
	GlobalSection(ProjectConfigurationPlatforms) = postSolution
		{D1EEAC77-A613-4EF1-9594-CA583EC9BB20}.Debug|Any CPU.ActiveCfg = Debug|Any CPU
		{D1EEAC77-A613-4EF1-9594-CA583EC9BB20}.Debug|Any CPU.Build.0 = Debug|Any CPU
		{D1EEAC77-A613-4EF1-9594-CA583EC9BB20}.Release|Any CPU.ActiveCfg = Release|Any CPU
		{D1EEAC77-A613-4EF1-9594-CA583EC9BB20}.Release|Any CPU.Build.0 = Release|Any CPU
	EndGlobalSection
	GlobalSection(SolutionProperties) = preSolution
		HideSolutionNode = FALSE
	EndGlobalSection
	GlobalSection(ExtensibilityGlobals) = postSolution
		SolutionGuid = {55A28BB6-AA10-4265-A7A6-A4230EE4693F}
	EndGlobalSection
EndGlobal
