
Microsoft Visual Studio Solution File, Format Version 12.00
# Visual Studio Version 17
VisualStudioVersion = 17.7.34221.43
MinimumVisualStudioVersion = 10.0.40219.1
Project("{FAE04EC0-301F-11D3-BF4B-00C04F79EFBC}") = "collectionQuestion3", "collectionQuestion3.csproj", "{7BAD64F6-AC2A-445B-AFAD-F5A4F56832E2}"
EndProject
Global
	GlobalSection(SolutionConfigurationPlatforms) = preSolution
		Debug|Any CPU = Debug|Any CPU
		Release|Any CPU = Release|Any CPU
	EndGlobalSection
	GlobalSection(ProjectConfigurationPlatforms) = postSolution
		{7BAD64F6-AC2A-445B-AFAD-F5A4F56832E2}.Debug|Any CPU.ActiveCfg = Debug|Any CPU
		{7BAD64F6-AC2A-445B-AFAD-F5A4F56832E2}.Debug|Any CPU.Build.0 = Debug|Any CPU
		{7BAD64F6-AC2A-445B-AFAD-F5A4F56832E2}.Release|Any CPU.ActiveCfg = Release|Any CPU
		{7BAD64F6-AC2A-445B-AFAD-F5A4F56832E2}.Release|Any CPU.Build.0 = Release|Any CPU
	EndGlobalSection
	GlobalSection(SolutionProperties) = preSolution
		HideSolutionNode = FALSE
	EndGlobalSection
	GlobalSection(ExtensibilityGlobals) = postSolution
		SolutionGuid = {45538DCE-2DC5-49C9-9FE0-ABCFAE34CACE}
	EndGlobalSection
EndGlobal
