
Microsoft Visual Studio Solution File, Format Version 12.00
# Visual Studio Version 17
VisualStudioVersion = 17.7.34221.43
MinimumVisualStudioVersion = 10.0.40219.1
Project("{FAE04EC0-301F-11D3-BF4B-00C04F79EFBC}") = "collectionQuestion2", "collectionQuestion2.csproj", "{504FB8B0-58F0-4EA5-95A9-13BB2636AD78}"
EndProject
Global
	GlobalSection(SolutionConfigurationPlatforms) = preSolution
		Debug|Any CPU = Debug|Any CPU
		Release|Any CPU = Release|Any CPU
	EndGlobalSection
	GlobalSection(ProjectConfigurationPlatforms) = postSolution
		{504FB8B0-58F0-4EA5-95A9-13BB2636AD78}.Debug|Any CPU.ActiveCfg = Debug|Any CPU
		{504FB8B0-58F0-4EA5-95A9-13BB2636AD78}.Debug|Any CPU.Build.0 = Debug|Any CPU
		{504FB8B0-58F0-4EA5-95A9-13BB2636AD78}.Release|Any CPU.ActiveCfg = Release|Any CPU
		{504FB8B0-58F0-4EA5-95A9-13BB2636AD78}.Release|Any CPU.Build.0 = Release|Any CPU
	EndGlobalSection
	GlobalSection(SolutionProperties) = preSolution
		HideSolutionNode = FALSE
	EndGlobalSection
	GlobalSection(ExtensibilityGlobals) = postSolution
		SolutionGuid = {13F19FA2-558A-4B0C-A3CC-EB473DF2FD91}
	EndGlobalSection
EndGlobal
