
Microsoft Visual Studio Solution File, Format Version 12.00
# Visual Studio Version 17
VisualStudioVersion = 17.7.34221.43
MinimumVisualStudioVersion = 10.0.40219.1
Project("{FAE04EC0-301F-11D3-BF4B-00C04F79EFBC}") = "typeConversions", "typeConversions\typeConversions.csproj", "{3621CABD-0924-4E5A-880F-DD5571D5BDC9}"
EndProject
Global
	GlobalSection(SolutionConfigurationPlatforms) = preSolution
		Debug|Any CPU = Debug|Any CPU
		Release|Any CPU = Release|Any CPU
	EndGlobalSection
	GlobalSection(ProjectConfigurationPlatforms) = postSolution
		{3621CABD-0924-4E5A-880F-DD5571D5BDC9}.Debug|Any CPU.ActiveCfg = Debug|Any CPU
		{3621CABD-0924-4E5A-880F-DD5571D5BDC9}.Debug|Any CPU.Build.0 = Debug|Any CPU
		{3621CABD-0924-4E5A-880F-DD5571D5BDC9}.Release|Any CPU.ActiveCfg = Release|Any CPU
		{3621CABD-0924-4E5A-880F-DD5571D5BDC9}.Release|Any CPU.Build.0 = Release|Any CPU
	EndGlobalSection
	GlobalSection(SolutionProperties) = preSolution
		HideSolutionNode = FALSE
	EndGlobalSection
	GlobalSection(ExtensibilityGlobals) = postSolution
		SolutionGuid = {7B1E8F66-7927-4B00-AACA-09175227FEEE}
	EndGlobalSection
EndGlobal
