
Microsoft Visual Studio Solution File, Format Version 12.00
# Visual Studio Version 17
VisualStudioVersion = 17.7.34221.43
MinimumVisualStudioVersion = 10.0.40219.1
Project("{FAE04EC0-301F-11D3-BF4B-00C04F79EFBC}") = "constructor", "constructor.csproj", "{5C4D9B96-DF17-4CFC-A3A6-43E742950E14}"
EndProject
Global
	GlobalSection(SolutionConfigurationPlatforms) = preSolution
		Debug|Any CPU = Debug|Any CPU
		Release|Any CPU = Release|Any CPU
	EndGlobalSection
	GlobalSection(ProjectConfigurationPlatforms) = postSolution
		{5C4D9B96-DF17-4CFC-A3A6-43E742950E14}.Debug|Any CPU.ActiveCfg = Debug|Any CPU
		{5C4D9B96-DF17-4CFC-A3A6-43E742950E14}.Debug|Any CPU.Build.0 = Debug|Any CPU
		{5C4D9B96-DF17-4CFC-A3A6-43E742950E14}.Release|Any CPU.ActiveCfg = Release|Any CPU
		{5C4D9B96-DF17-4CFC-A3A6-43E742950E14}.Release|Any CPU.Build.0 = Release|Any CPU
	EndGlobalSection
	GlobalSection(SolutionProperties) = preSolution
		HideSolutionNode = FALSE
	EndGlobalSection
	GlobalSection(ExtensibilityGlobals) = postSolution
		SolutionGuid = {2B18B99B-A6BE-4926-B2C1-E44C2BEBD803}
	EndGlobalSection
EndGlobal
