
Microsoft Visual Studio Solution File, Format Version 12.00
# Visual Studio Version 17
VisualStudioVersion = 17.7.34221.43
MinimumVisualStudioVersion = 10.0.40219.1
Project("{FAE04EC0-301F-11D3-BF4B-00C04F79EFBC}") = "operators", "operators\operators.csproj", "{854CE07C-B3FC-4977-9E01-254F686EA3F6}"
EndProject
Global
	GlobalSection(SolutionConfigurationPlatforms) = preSolution
		Debug|Any CPU = Debug|Any CPU
		Release|Any CPU = Release|Any CPU
	EndGlobalSection
	GlobalSection(ProjectConfigurationPlatforms) = postSolution
		{854CE07C-B3FC-4977-9E01-254F686EA3F6}.Debug|Any CPU.ActiveCfg = Debug|Any CPU
		{854CE07C-B3FC-4977-9E01-254F686EA3F6}.Debug|Any CPU.Build.0 = Debug|Any CPU
		{854CE07C-B3FC-4977-9E01-254F686EA3F6}.Release|Any CPU.ActiveCfg = Release|Any CPU
		{854CE07C-B3FC-4977-9E01-254F686EA3F6}.Release|Any CPU.Build.0 = Release|Any CPU
	EndGlobalSection
	GlobalSection(SolutionProperties) = preSolution
		HideSolutionNode = FALSE
	EndGlobalSection
	GlobalSection(ExtensibilityGlobals) = postSolution
		SolutionGuid = {960AC7FB-5933-48BC-A796-C620178A5B8A}
	EndGlobalSection
EndGlobal
