
Microsoft Visual Studio Solution File, Format Version 12.00
# Visual Studio Version 17
VisualStudioVersion = 17.7.34221.43
MinimumVisualStudioVersion = 10.0.40219.1
Project("{FAE04EC0-301F-11D3-BF4B-00C04F79EFBC}") = "tryCatch", "tryCatch\tryCatch.csproj", "{7817560B-8BE5-434E-9253-148B38C54469}"
EndProject
Global
	GlobalSection(SolutionConfigurationPlatforms) = preSolution
		Debug|Any CPU = Debug|Any CPU
		Release|Any CPU = Release|Any CPU
	EndGlobalSection
	GlobalSection(ProjectConfigurationPlatforms) = postSolution
		{7817560B-8BE5-434E-9253-148B38C54469}.Debug|Any CPU.ActiveCfg = Debug|Any CPU
		{7817560B-8BE5-434E-9253-148B38C54469}.Debug|Any CPU.Build.0 = Debug|Any CPU
		{7817560B-8BE5-434E-9253-148B38C54469}.Release|Any CPU.ActiveCfg = Release|Any CPU
		{7817560B-8BE5-434E-9253-148B38C54469}.Release|Any CPU.Build.0 = Release|Any CPU
	EndGlobalSection
	GlobalSection(SolutionProperties) = preSolution
		HideSolutionNode = FALSE
	EndGlobalSection
	GlobalSection(ExtensibilityGlobals) = postSolution
		SolutionGuid = {018CB06B-82CF-496B-8A5B-EFC7DB5CE8B5}
	EndGlobalSection
EndGlobal
